
Microsoft Visual Studio Solution File, Format Version 12.00
# Visual Studio 15
VisualStudioVersion = 15.0.28307.329
MinimumVisualStudioVersion = 10.0.40219.1
Project("{FAE04EC0-301F-11D3-BF4B-00C04F79EFBC}") = "code_quest", "code_quest\code_quest.csproj", "{DFC57E77-BB30-4A87-A5BE-05B377080699}"
EndProject
Global
	GlobalSection(SolutionConfigurationPlatforms) = preSolution
		Debug|Any CPU = Debug|Any CPU
		Release|Any CPU = Release|Any CPU
	EndGlobalSection
	GlobalSection(ProjectConfigurationPlatforms) = postSolution
		{DFC57E77-BB30-4A87-A5BE-05B377080699}.Debug|Any CPU.ActiveCfg = Debug|Any CPU
		{DFC57E77-BB30-4A87-A5BE-05B377080699}.Debug|Any CPU.Build.0 = Debug|Any CPU
		{DFC57E77-BB30-4A87-A5BE-05B377080699}.Release|Any CPU.ActiveCfg = Release|Any CPU
		{DFC57E77-BB30-4A87-A5BE-05B377080699}.Release|Any CPU.Build.0 = Release|Any CPU
	EndGlobalSection
	GlobalSection(SolutionProperties) = preSolution
		HideSolutionNode = FALSE
	EndGlobalSection
	GlobalSection(ExtensibilityGlobals) = postSolution
		SolutionGuid = {672E4C7B-E2E6-463A-A4D3-B0D1A877AF11}
	EndGlobalSection
EndGlobal
